// !$*UTF8*$!
{
	archiveVersion = 1;
	classes = {
	};
	objectVersion = 46;
	objects = {

/* Begin PBXBuildFile section */
		53C2C4B11DD944C600893D40 /* EventsHomeViewController.swift in Sources */ = {isa = PBXBuildFile; fileRef = 53C2C4B01DD944C600893D40 /* EventsHomeViewController.swift */; };
		5E2E40F91DC5192000228040 /* AppDelegate.swift in Sources */ = {isa = PBXBuildFile; fileRef = 5E2E40F81DC5192000228040 /* AppDelegate.swift */; };
		5E2E40FB1DC5192000228040 /* EventsInfoViewController.swift in Sources */ = {isa = PBXBuildFile; fileRef = 5E2E40FA1DC5192000228040 /* EventsInfoViewController.swift */; };
		5E2E40FE1DC5192000228040 /* Main.storyboard in Resources */ = {isa = PBXBuildFile; fileRef = 5E2E40FC1DC5192000228040 /* Main.storyboard */; };
		5E2E41001DC5192000228040 /* Assets.xcassets in Resources */ = {isa = PBXBuildFile; fileRef = 5E2E40FF1DC5192000228040 /* Assets.xcassets */; };
		5E2E41031DC5192000228040 /* LaunchScreen.storyboard in Resources */ = {isa = PBXBuildFile; fileRef = 5E2E41011DC5192000228040 /* LaunchScreen.storyboard */; };
		5E2E410E1DC5192000228040 /* ScintillatorTests.swift in Sources */ = {isa = PBXBuildFile; fileRef = 5E2E410D1DC5192000228040 /* ScintillatorTests.swift */; };
		5E2E41191DC5192000228040 /* ScintillatorUITests.swift in Sources */ = {isa = PBXBuildFile; fileRef = 5E2E41181DC5192000228040 /* ScintillatorUITests.swift */; };
		5E2E41271DC5232B00228040 /* Events.swift in Sources */ = {isa = PBXBuildFile; fileRef = 5E2E41261DC5232B00228040 /* Events.swift */; };
		5E2E41291DC5244300228040 /* EventType.swift in Sources */ = {isa = PBXBuildFile; fileRef = 5E2E41281DC5244300228040 /* EventType.swift */; };
		5E2E412D1DC529F100228040 /* EventsTableViewController.swift in Sources */ = {isa = PBXBuildFile; fileRef = 5E2E412C1DC529F100228040 /* EventsTableViewController.swift */; };
		5E2E412F1DC52B4300228040 /* EventsList.swift in Sources */ = {isa = PBXBuildFile; fileRef = 5E2E412E1DC52B4300228040 /* EventsList.swift */; };
		5E3800D01DF0E36F00A822C3 /* Upcoming Events.jpg in Resources */ = {isa = PBXBuildFile; fileRef = 5E3800CF1DF0E36F00A822C3 /* Upcoming Events.jpg */; };
		5E62D3C11DF7519B00804A7E /* contactUsViewController.swift in Sources */ = {isa = PBXBuildFile; fileRef = 5E62D3C01DF7519B00804A7E /* contactUsViewController.swift */; };
		5EADB6041DF23A2100CF51D5 /* paint_texture2178.jpg in Resources */ = {isa = PBXBuildFile; fileRef = 5EADB6021DF23A2100CF51D5 /* paint_texture2178.jpg */; };
		5EADB6051DF23A2100CF51D5 /* surface-glass-panel1.png in Resources */ = {isa = PBXBuildFile; fileRef = 5EADB6031DF23A2100CF51D5 /* surface-glass-panel1.png */; };
		5ECFF9E01DF25FD5000628E2 /* christmas-timer.jpg in Resources */ = {isa = PBXBuildFile; fileRef = 5ECFF9DF1DF25FD5000628E2 /* christmas-timer.jpg */; };
		8699A8F11DDA0C1000E9991B /* Bolts.framework in Frameworks */ = {isa = PBXBuildFile; fileRef = 8699A8EF1DDA0C1000E9991B /* Bolts.framework */; };
		8699A8F21DDA0C1000E9991B /* Parse.framework in Frameworks */ = {isa = PBXBuildFile; fileRef = 8699A8F01DDA0C1000E9991B /* Parse.framework */; };
		8699A8FB1DDA0CB400E9991B /* AudioToolbox.framework in Frameworks */ = {isa = PBXBuildFile; fileRef = 8699A8F31DDA0CB400E9991B /* AudioToolbox.framework */; };
		8699A8FC1DDA0CB400E9991B /* CFNetwork.framework in Frameworks */ = {isa = PBXBuildFile; fileRef = 8699A8F41DDA0CB400E9991B /* CFNetwork.framework */; };
		8699A8FD1DDA0CB400E9991B /* CoreGraphics.framework in Frameworks */ = {isa = PBXBuildFile; fileRef = 8699A8F51DDA0CB400E9991B /* CoreGraphics.framework */; };
		8699A8FE1DDA0CB400E9991B /* CoreLocation.framework in Frameworks */ = {isa = PBXBuildFile; fileRef = 8699A8F61DDA0CB400E9991B /* CoreLocation.framework */; };
		8699A8FF1DDA0CB400E9991B /* QuartzCore.framework in Frameworks */ = {isa = PBXBuildFile; fileRef = 8699A8F71DDA0CB400E9991B /* QuartzCore.framework */; };
		8699A9001DDA0CB400E9991B /* Security.framework in Frameworks */ = {isa = PBXBuildFile; fileRef = 8699A8F81DDA0CB400E9991B /* Security.framework */; };
		8699A9011DDA0CB400E9991B /* StoreKit.framework in Frameworks */ = {isa = PBXBuildFile; fileRef = 8699A8F91DDA0CB400E9991B /* StoreKit.framework */; };
		8699A9021DDA0CB400E9991B /* SystemConfiguration.framework in Frameworks */ = {isa = PBXBuildFile; fileRef = 8699A8FA1DDA0CB400E9991B /* SystemConfiguration.framework */; };
		8699A9041DDA0CC700E9991B /* libz.tbd in Frameworks */ = {isa = PBXBuildFile; fileRef = 8699A9031DDA0CC700E9991B /* libz.tbd */; };
		8699A9061DDA0CD800E9991B /* libsqlite3.tbd in Frameworks */ = {isa = PBXBuildFile; fileRef = 8699A9051DDA0CD800E9991B /* libsqlite3.tbd */; };
		8699A9081DDA114100E9991B /* SignUpViewController.swift in Sources */ = {isa = PBXBuildFile; fileRef = 8699A9071DDA114100E9991B /* SignUpViewController.swift */; };
		8699A90A1DDA145E00E9991B /* LoginViewController.swift in Sources */ = {isa = PBXBuildFile; fileRef = 8699A9091DDA145E00E9991B /* LoginViewController.swift */; };
/* End PBXBuildFile section */

/* Begin PBXContainerItemProxy section */
		5E2E410A1DC5192000228040 /* PBXContainerItemProxy */ = {
			isa = PBXContainerItemProxy;
			containerPortal = 5E2E40ED1DC5192000228040 /* Project object */;
			proxyType = 1;
			remoteGlobalIDString = 5E2E40F41DC5192000228040;
			remoteInfo = Scintillator;
		};
		5E2E41151DC5192000228040 /* PBXContainerItemProxy */ = {
			isa = PBXContainerItemProxy;
			containerPortal = 5E2E40ED1DC5192000228040 /* Project object */;
			proxyType = 1;
			remoteGlobalIDString = 5E2E40F41DC5192000228040;
			remoteInfo = Scintillator;
		};
/* End PBXContainerItemProxy section */

/* Begin PBXFileReference section */
		53C2C4B01DD944C600893D40 /* EventsHomeViewController.swift */ = {isa = PBXFileReference; fileEncoding = 4; lastKnownFileType = sourcecode.swift; path = EventsHomeViewController.swift; sourceTree = "<group>"; };
		5E2E40F51DC5192000228040 /* Scintillator.app */ = {isa = PBXFileReference; explicitFileType = wrapper.application; includeInIndex = 0; path = Scintillator.app; sourceTree = BUILT_PRODUCTS_DIR; };
		5E2E40F81DC5192000228040 /* AppDelegate.swift */ = {isa = PBXFileReference; lastKnownFileType = sourcecode.swift; path = AppDelegate.swift; sourceTree = "<group>"; };
		5E2E40FA1DC5192000228040 /* EventsInfoViewController.swift */ = {isa = PBXFileReference; lastKnownFileType = sourcecode.swift; path = EventsInfoViewController.swift; sourceTree = "<group>"; };
		5E2E40FD1DC5192000228040 /* Base */ = {isa = PBXFileReference; lastKnownFileType = file.storyboard; name = Base; path = Base.lproj/Main.storyboard; sourceTree = "<group>"; };
		5E2E40FF1DC5192000228040 /* Assets.xcassets */ = {isa = PBXFileReference; lastKnownFileType = folder.assetcatalog; path = Assets.xcassets; sourceTree = "<group>"; };
		5E2E41021DC5192000228040 /* Base */ = {isa = PBXFileReference; lastKnownFileType = file.storyboard; name = Base; path = Base.lproj/LaunchScreen.storyboard; sourceTree = "<group>"; };
		5E2E41041DC5192000228040 /* Info.plist */ = {isa = PBXFileReference; lastKnownFileType = text.plist.xml; path = Info.plist; sourceTree = "<group>"; };
		5E2E41091DC5192000228040 /* ScintillatorTests.xctest */ = {isa = PBXFileReference; explicitFileType = wrapper.cfbundle; includeInIndex = 0; path = ScintillatorTests.xctest; sourceTree = BUILT_PRODUCTS_DIR; };
		5E2E410D1DC5192000228040 /* ScintillatorTests.swift */ = {isa = PBXFileReference; lastKnownFileType = sourcecode.swift; path = ScintillatorTests.swift; sourceTree = "<group>"; };
		5E2E410F1DC5192000228040 /* Info.plist */ = {isa = PBXFileReference; lastKnownFileType = text.plist.xml; path = Info.plist; sourceTree = "<group>"; };
		5E2E41141DC5192000228040 /* ScintillatorUITests.xctest */ = {isa = PBXFileReference; explicitFileType = wrapper.cfbundle; includeInIndex = 0; path = ScintillatorUITests.xctest; sourceTree = BUILT_PRODUCTS_DIR; };
		5E2E41181DC5192000228040 /* ScintillatorUITests.swift */ = {isa = PBXFileReference; lastKnownFileType = sourcecode.swift; path = ScintillatorUITests.swift; sourceTree = "<group>"; };
		5E2E411A1DC5192000228040 /* Info.plist */ = {isa = PBXFileReference; lastKnownFileType = text.plist.xml; path = Info.plist; sourceTree = "<group>"; };
		5E2E41261DC5232B00228040 /* Events.swift */ = {isa = PBXFileReference; fileEncoding = 4; lastKnownFileType = sourcecode.swift; path = Events.swift; sourceTree = "<group>"; };
		5E2E41281DC5244300228040 /* EventType.swift */ = {isa = PBXFileReference; fileEncoding = 4; lastKnownFileType = sourcecode.swift; path = EventType.swift; sourceTree = "<group>"; };
		5E2E412C1DC529F100228040 /* EventsTableViewController.swift */ = {isa = PBXFileReference; fileEncoding = 4; lastKnownFileType = sourcecode.swift; name = EventsTableViewController.swift; path = ../EventsTableViewController.swift; sourceTree = "<group>"; };
		5E2E412E1DC52B4300228040 /* EventsList.swift */ = {isa = PBXFileReference; fileEncoding = 4; lastKnownFileType = sourcecode.swift; name = EventsList.swift; path = ../EventsList.swift; sourceTree = "<group>"; };
		5E3800CF1DF0E36F00A822C3 /* Upcoming Events.jpg */ = {isa = PBXFileReference; lastKnownFileType = image.jpeg; path = "Upcoming Events.jpg"; sourceTree = "<group>"; };
		5E62D3C01DF7519B00804A7E /* contactUsViewController.swift */ = {isa = PBXFileReference; fileEncoding = 4; lastKnownFileType = sourcecode.swift; path = contactUsViewController.swift; sourceTree = "<group>"; };
		5EADB6021DF23A2100CF51D5 /* paint_texture2178.jpg */ = {isa = PBXFileReference; lastKnownFileType = image.jpeg; path = paint_texture2178.jpg; sourceTree = "<group>"; };
		5EADB6031DF23A2100CF51D5 /* surface-glass-panel1.png */ = {isa = PBXFileReference; lastKnownFileType = image.png; path = "surface-glass-panel1.png"; sourceTree = "<group>"; };
		5ECFF9DF1DF25FD5000628E2 /* christmas-timer.jpg */ = {isa = PBXFileReference; lastKnownFileType = image.jpeg; path = "christmas-timer.jpg"; sourceTree = "<group>"; };
		8699A8EF1DDA0C1000E9991B /* Bolts.framework */ = {isa = PBXFileReference; lastKnownFileType = wrapper.framework; path = Bolts.framework; sourceTree = "<group>"; };
		8699A8F01DDA0C1000E9991B /* Parse.framework */ = {isa = PBXFileReference; lastKnownFileType = wrapper.framework; path = Parse.framework; sourceTree = "<group>"; };
		8699A8F31DDA0CB400E9991B /* AudioToolbox.framework */ = {isa = PBXFileReference; lastKnownFileType = wrapper.framework; name = AudioToolbox.framework; path = System/Library/Frameworks/AudioToolbox.framework; sourceTree = SDKROOT; };
		8699A8F41DDA0CB400E9991B /* CFNetwork.framework */ = {isa = PBXFileReference; lastKnownFileType = wrapper.framework; name = CFNetwork.framework; path = System/Library/Frameworks/CFNetwork.framework; sourceTree = SDKROOT; };
		8699A8F51DDA0CB400E9991B /* CoreGraphics.framework */ = {isa = PBXFileReference; lastKnownFileType = wrapper.framework; name = CoreGraphics.framework; path = System/Library/Frameworks/CoreGraphics.framework; sourceTree = SDKROOT; };
		8699A8F61DDA0CB400E9991B /* CoreLocation.framework */ = {isa = PBXFileReference; lastKnownFileType = wrapper.framework; name = CoreLocation.framework; path = System/Library/Frameworks/CoreLocation.framework; sourceTree = SDKROOT; };
		8699A8F71DDA0CB400E9991B /* QuartzCore.framework */ = {isa = PBXFileReference; lastKnownFileType = wrapper.framework; name = QuartzCore.framework; path = System/Library/Frameworks/QuartzCore.framework; sourceTree = SDKROOT; };
		8699A8F81DDA0CB400E9991B /* Security.framework */ = {isa = PBXFileReference; lastKnownFileType = wrapper.framework; name = Security.framework; path = System/Library/Frameworks/Security.framework; sourceTree = SDKROOT; };
		8699A8F91DDA0CB400E9991B /* StoreKit.framework */ = {isa = PBXFileReference; lastKnownFileType = wrapper.framework; name = StoreKit.framework; path = System/Library/Frameworks/StoreKit.framework; sourceTree = SDKROOT; };
		8699A8FA1DDA0CB400E9991B /* SystemConfiguration.framework */ = {isa = PBXFileReference; lastKnownFileType = wrapper.framework; name = SystemConfiguration.framework; path = System/Library/Frameworks/SystemConfiguration.framework; sourceTree = SDKROOT; };
		8699A9031DDA0CC700E9991B /* libz.tbd */ = {isa = PBXFileReference; lastKnownFileType = "sourcecode.text-based-dylib-definition"; name = libz.tbd; path = usr/lib/libz.tbd; sourceTree = SDKROOT; };
		8699A9051DDA0CD800E9991B /* libsqlite3.tbd */ = {isa = PBXFileReference; lastKnownFileType = "sourcecode.text-based-dylib-definition"; name = libsqlite3.tbd; path = usr/lib/libsqlite3.tbd; sourceTree = SDKROOT; };
		8699A9071DDA114100E9991B /* SignUpViewController.swift */ = {isa = PBXFileReference; fileEncoding = 4; lastKnownFileType = sourcecode.swift; path = SignUpViewController.swift; sourceTree = "<group>"; };
		8699A9091DDA145E00E9991B /* LoginViewController.swift */ = {isa = PBXFileReference; fileEncoding = 4; lastKnownFileType = sourcecode.swift; path = LoginViewController.swift; sourceTree = "<group>"; };
/* End PBXFileReference section */

/* Begin PBXFrameworksBuildPhase section */
		5E2E40F21DC5192000228040 /* Frameworks */ = {
			isa = PBXFrameworksBuildPhase;
			buildActionMask = 2147483647;
			files = (
				8699A9061DDA0CD800E9991B /* libsqlite3.tbd in Frameworks */,
				8699A9041DDA0CC700E9991B /* libz.tbd in Frameworks */,
				8699A8FB1DDA0CB400E9991B /* AudioToolbox.framework in Frameworks */,
				8699A8FC1DDA0CB400E9991B /* CFNetwork.framework in Frameworks */,
				8699A8FD1DDA0CB400E9991B /* CoreGraphics.framework in Frameworks */,
				8699A8FE1DDA0CB400E9991B /* CoreLocation.framework in Frameworks */,
				8699A8FF1DDA0CB400E9991B /* QuartzCore.framework in Frameworks */,
				8699A9001DDA0CB400E9991B /* Security.framework in Frameworks */,
				8699A9011DDA0CB400E9991B /* StoreKit.framework in Frameworks */,
				8699A9021DDA0CB400E9991B /* SystemConfiguration.framework in Frameworks */,
				8699A8F21DDA0C1000E9991B /* Parse.framework in Frameworks */,
				8699A8F11DDA0C1000E9991B /* Bolts.framework in Frameworks */,
			);
			runOnlyForDeploymentPostprocessing = 0;
		};
		5E2E41061DC5192000228040 /* Frameworks */ = {
			isa = PBXFrameworksBuildPhase;
			buildActionMask = 2147483647;
			files = (
			);
			runOnlyForDeploymentPostprocessing = 0;
		};
		5E2E41111DC5192000228040 /* Frameworks */ = {
			isa = PBXFrameworksBuildPhase;
			buildActionMask = 2147483647;
			files = (
			);
			runOnlyForDeploymentPostprocessing = 0;
		};
/* End PBXFrameworksBuildPhase section */

/* Begin PBXGroup section */
		5E2E40EC1DC5192000228040 = {
			isa = PBXGroup;
			children = (
				5E62D3C01DF7519B00804A7E /* contactUsViewController.swift */,
				8699A8EE1DDA0BBF00E9991B /* Framework */,
				5E2E40F71DC5192000228040 /* Scintillator */,
				5E2E41171DC5192000228040 /* ScintillatorUITests */,
				5E2E40F61DC5192000228040 /* Products */,
			);
			sourceTree = "<group>";
		};
		5E2E40F61DC5192000228040 /* Products */ = {
			isa = PBXGroup;
			children = (
				5E2E40F51DC5192000228040 /* Scintillator.app */,
				5E2E41091DC5192000228040 /* ScintillatorTests.xctest */,
				5E2E41141DC5192000228040 /* ScintillatorUITests.xctest */,
			);
			name = Products;
			sourceTree = "<group>";
		};
		5E2E40F71DC5192000228040 /* Scintillator */ = {
			isa = PBXGroup;
			children = (
				5E2E40F81DC5192000228040 /* AppDelegate.swift */,
				8699A9091DDA145E00E9991B /* LoginViewController.swift */,
				8699A9071DDA114100E9991B /* SignUpViewController.swift */,
				5E2E41261DC5232B00228040 /* Events.swift */,
				5E2E412E1DC52B4300228040 /* EventsList.swift */,
				5EADB6021DF23A2100CF51D5 /* paint_texture2178.jpg */,
				5EADB6031DF23A2100CF51D5 /* surface-glass-panel1.png */,
				5ECFF9DF1DF25FD5000628E2 /* christmas-timer.jpg */,
				5E2E40FC1DC5192000228040 /* Main.storyboard */,
				5E2E41281DC5244300228040 /* EventType.swift */,
				5E3800CF1DF0E36F00A822C3 /* Upcoming Events.jpg */,
				53C2C4B01DD944C600893D40 /* EventsHomeViewController.swift */,
				5E2E412C1DC529F100228040 /* EventsTableViewController.swift */,
				5E2E40FA1DC5192000228040 /* EventsInfoViewController.swift */,
				5E2E40FF1DC5192000228040 /* Assets.xcassets */,
				5E2E41011DC5192000228040 /* LaunchScreen.storyboard */,
				5E2E41041DC5192000228040 /* Info.plist */,
				5E2E410C1DC5192000228040 /* ScintillatorTests */,
			);
			path = Scintillator;
			sourceTree = "<group>";
		};
		5E2E410C1DC5192000228040 /* ScintillatorTests */ = {
			isa = PBXGroup;
			children = (
				5E2E410D1DC5192000228040 /* ScintillatorTests.swift */,
				5E2E410F1DC5192000228040 /* Info.plist */,
			);
			path = ScintillatorTests;
			sourceTree = SOURCE_ROOT;
		};
		5E2E41171DC5192000228040 /* ScintillatorUITests */ = {
			isa = PBXGroup;
			children = (
				5E2E41181DC5192000228040 /* ScintillatorUITests.swift */,
				5E2E411A1DC5192000228040 /* Info.plist */,
			);
			path = ScintillatorUITests;
			sourceTree = "<group>";
		};
		8699A8EE1DDA0BBF00E9991B /* Framework */ = {
			isa = PBXGroup;
			children = (
				8699A9051DDA0CD800E9991B /* libsqlite3.tbd */,
				8699A9031DDA0CC700E9991B /* libz.tbd */,
				8699A8FA1DDA0CB400E9991B /* SystemConfiguration.framework */,
				8699A8F91DDA0CB400E9991B /* StoreKit.framework */,
				8699A8F81DDA0CB400E9991B /* Security.framework */,
				8699A8F71DDA0CB400E9991B /* QuartzCore.framework */,
				8699A8F61DDA0CB400E9991B /* CoreLocation.framework */,
				8699A8F51DDA0CB400E9991B /* CoreGraphics.framework */,
				8699A8F41DDA0CB400E9991B /* CFNetwork.framework */,
				8699A8F31DDA0CB400E9991B /* AudioToolbox.framework */,
				8699A8EF1DDA0C1000E9991B /* Bolts.framework */,
				8699A8F01DDA0C1000E9991B /* Parse.framework */,
			);
			name = Framework;
			sourceTree = "<group>";
		};
/* End PBXGroup section */

/* Begin PBXNativeTarget section */
		5E2E40F41DC5192000228040 /* Scintillator */ = {
			isa = PBXNativeTarget;
			buildConfigurationList = 5E2E411D1DC5192000228040 /* Build configuration list for PBXNativeTarget "Scintillator" */;
			buildPhases = (
				5E2E40F11DC5192000228040 /* Sources */,
				5E2E40F21DC5192000228040 /* Frameworks */,
				5E2E40F31DC5192000228040 /* Resources */,
			);
			buildRules = (
			);
			dependencies = (
			);
			name = Scintillator;
			productName = Scintillator;
			productReference = 5E2E40F51DC5192000228040 /* Scintillator.app */;
			productType = "com.apple.product-type.application";
		};
		5E2E41081DC5192000228040 /* ScintillatorTests */ = {
			isa = PBXNativeTarget;
			buildConfigurationList = 5E2E41201DC5192000228040 /* Build configuration list for PBXNativeTarget "ScintillatorTests" */;
			buildPhases = (
				5E2E41051DC5192000228040 /* Sources */,
				5E2E41061DC5192000228040 /* Frameworks */,
				5E2E41071DC5192000228040 /* Resources */,
			);
			buildRules = (
			);
			dependencies = (
				5E2E410B1DC5192000228040 /* PBXTargetDependency */,
			);
			name = ScintillatorTests;
			productName = ScintillatorTests;
			productReference = 5E2E41091DC5192000228040 /* ScintillatorTests.xctest */;
			productType = "com.apple.product-type.bundle.unit-test";
		};
		5E2E41131DC5192000228040 /* ScintillatorUITests */ = {
			isa = PBXNativeTarget;
			buildConfigurationList = 5E2E41231DC5192000228040 /* Build configuration list for PBXNativeTarget "ScintillatorUITests" */;
			buildPhases = (
				5E2E41101DC5192000228040 /* Sources */,
				5E2E41111DC5192000228040 /* Frameworks */,
				5E2E41121DC5192000228040 /* Resources */,
			);
			buildRules = (
			);
			dependencies = (
				5E2E41161DC5192000228040 /* PBXTargetDependency */,
			);
			name = ScintillatorUITests;
			productName = ScintillatorUITests;
			productReference = 5E2E41141DC5192000228040 /* ScintillatorUITests.xctest */;
			productType = "com.apple.product-type.bundle.ui-testing";
		};
/* End PBXNativeTarget section */

/* Begin PBXProject section */
		5E2E40ED1DC5192000228040 /* Project object */ = {
			isa = PBXProject;
			attributes = {
				LastSwiftUpdateCheck = 0730;
				LastUpgradeCheck = 0730;
				ORGANIZATIONNAME = "Deshmukh,Devyani S";
				TargetAttributes = {
					5E2E40F41DC5192000228040 = {
						CreatedOnToolsVersion = 7.3.1;
						DevelopmentTeam = 7SG3RT2HGK;
					};
					5E2E41081DC5192000228040 = {
						CreatedOnToolsVersion = 7.3.1;
						TestTargetID = 5E2E40F41DC5192000228040;
					};
					5E2E41131DC5192000228040 = {
						CreatedOnToolsVersion = 7.3.1;
						TestTargetID = 5E2E40F41DC5192000228040;
					};
				};
			};
			buildConfigurationList = 5E2E40F01DC5192000228040 /* Build configuration list for PBXProject "Scintillator" */;
			compatibilityVersion = "Xcode 3.2";
			developmentRegion = English;
			hasScannedForEncodings = 0;
			knownRegions = (
				en,
				Base,
			);
			mainGroup = 5E2E40EC1DC5192000228040;
			productRefGroup = 5E2E40F61DC5192000228040 /* Products */;
			projectDirPath = "";
			projectRoot = "";
			targets = (
				5E2E40F41DC5192000228040 /* Scintillator */,
				5E2E41081DC5192000228040 /* ScintillatorTests */,
				5E2E41131DC5192000228040 /* ScintillatorUITests */,
			);
		};
/* End PBXProject section */

/* Begin PBXResourcesBuildPhase section */
		5E2E40F31DC5192000228040 /* Resources */ = {
			isa = PBXResourcesBuildPhase;
			buildActionMask = 2147483647;
			files = (
				5E2E41031DC5192000228040 /* LaunchScreen.storyboard in Resources */,
				5EADB6051DF23A2100CF51D5 /* surface-glass-panel1.png in Resources */,
				5E3800D01DF0E36F00A822C3 /* Upcoming Events.jpg in Resources */,
				5ECFF9E01DF25FD5000628E2 /* christmas-timer.jpg in Resources */,
				5E2E41001DC5192000228040 /* Assets.xcassets in Resources */,
				5E2E40FE1DC5192000228040 /* Main.storyboard in Resources */,
				5EADB6041DF23A2100CF51D5 /* paint_texture2178.jpg in Resources */,
			);
			runOnlyForDeploymentPostprocessing = 0;
		};
		5E2E41071DC5192000228040 /* Resources */ = {
			isa = PBXResourcesBuildPhase;
			buildActionMask = 2147483647;
			files = (
			);
			runOnlyForDeploymentPostprocessing = 0;
		};
		5E2E41121DC5192000228040 /* Resources */ = {
			isa = PBXResourcesBuildPhase;
			buildActionMask = 2147483647;
			files = (
			);
			runOnlyForDeploymentPostprocessing = 0;
		};
/* End PBXResourcesBuildPhase section */

/* Begin PBXSourcesBuildPhase section */
		5E2E40F11DC5192000228040 /* Sources */ = {
			isa = PBXSourcesBuildPhase;
			buildActionMask = 2147483647;
			files = (
				8699A90A1DDA145E00E9991B /* LoginViewController.swift in Sources */,
				53C2C4B11DD944C600893D40 /* EventsHomeViewController.swift in Sources */,
				5E2E41271DC5232B00228040 /* Events.swift in Sources */,
				5E62D3C11DF7519B00804A7E /* contactUsViewController.swift in Sources */,
				8699A9081DDA114100E9991B /* SignUpViewController.swift in Sources */,
				5E2E40FB1DC5192000228040 /* EventsInfoViewController.swift in Sources */,
				5E2E41291DC5244300228040 /* EventType.swift in Sources */,
				5E2E412D1DC529F100228040 /* EventsTableViewController.swift in Sources */,
				5E2E412F1DC52B4300228040 /* EventsList.swift in Sources */,
				5E2E40F91DC5192000228040 /* AppDelegate.swift in Sources */,
			);
			runOnlyForDeploymentPostprocessing = 0;
		};
		5E2E41051DC5192000228040 /* Sources */ = {
			isa = PBXSourcesBuildPhase;
			buildActionMask = 2147483647;
			files = (
				5E2E410E1DC5192000228040 /* ScintillatorTests.swift in Sources */,
			);
			runOnlyForDeploymentPostprocessing = 0;
		};
		5E2E41101DC5192000228040 /* Sources */ = {
			isa = PBXSourcesBuildPhase;
			buildActionMask = 2147483647;
			files = (
				5E2E41191DC5192000228040 /* ScintillatorUITests.swift in Sources */,
			);
			runOnlyForDeploymentPostprocessing = 0;
		};
/* End PBXSourcesBuildPhase section */

/* Begin PBXTargetDependency section */
		5E2E410B1DC5192000228040 /* PBXTargetDependency */ = {
			isa = PBXTargetDependency;
			target = 5E2E40F41DC5192000228040 /* Scintillator */;
			targetProxy = 5E2E410A1DC5192000228040 /* PBXContainerItemProxy */;
		};
		5E2E41161DC5192000228040 /* PBXTargetDependency */ = {
			isa = PBXTargetDependency;
			target = 5E2E40F41DC5192000228040 /* Scintillator */;
			targetProxy = 5E2E41151DC5192000228040 /* PBXContainerItemProxy */;
		};
/* End PBXTargetDependency section */

/* Begin PBXVariantGroup section */
		5E2E40FC1DC5192000228040 /* Main.storyboard */ = {
			isa = PBXVariantGroup;
			children = (
				5E2E40FD1DC5192000228040 /* Base */,
			);
			name = Main.storyboard;
			sourceTree = "<group>";
		};
		5E2E41011DC5192000228040 /* LaunchScreen.storyboard */ = {
			isa = PBXVariantGroup;
			children = (
				5E2E41021DC5192000228040 /* Base */,
			);
			name = LaunchScreen.storyboard;
			sourceTree = "<group>";
		};
/* End PBXVariantGroup section */

/* Begin XCBuildConfiguration section */
		5E2E411B1DC5192000228040 /* Debug */ = {
			isa = XCBuildConfiguration;
			buildSettings = {
				ALWAYS_SEARCH_USER_PATHS = NO;
				CLANG_ANALYZER_NONNULL = YES;
				CLANG_CXX_LANGUAGE_STANDARD = "gnu++0x";
				CLANG_CXX_LIBRARY = "libc++";
				CLANG_ENABLE_MODULES = YES;
				CLANG_ENABLE_OBJC_ARC = YES;
				CLANG_WARN_BOOL_CONVERSION = YES;
				CLANG_WARN_CONSTANT_CONVERSION = YES;
				CLANG_WARN_DIRECT_OBJC_ISA_USAGE = YES_ERROR;
				CLANG_WARN_EMPTY_BODY = YES;
				CLANG_WARN_ENUM_CONVERSION = YES;
				CLANG_WARN_INT_CONVERSION = YES;
				CLANG_WARN_OBJC_ROOT_CLASS = YES_ERROR;
				CLANG_WARN_UNREACHABLE_CODE = YES;
				CLANG_WARN__DUPLICATE_METHOD_MATCH = YES;
				"CODE_SIGN_IDENTITY[sdk=iphoneos*]" = "iPhone Developer";
				COPY_PHASE_STRIP = NO;
				DEBUG_INFORMATION_FORMAT = dwarf;
				ENABLE_STRICT_OBJC_MSGSEND = YES;
				ENABLE_TESTABILITY = YES;
				GCC_C_LANGUAGE_STANDARD = gnu99;
				GCC_DYNAMIC_NO_PIC = NO;
				GCC_NO_COMMON_BLOCKS = YES;
				GCC_OPTIMIZATION_LEVEL = 0;
				GCC_PREPROCESSOR_DEFINITIONS = (
					"DEBUG=1",
					"$(inherited)",
				);
				GCC_WARN_64_TO_32_BIT_CONVERSION = YES;
				GCC_WARN_ABOUT_RETURN_TYPE = YES_ERROR;
				GCC_WARN_UNDECLARED_SELECTOR = YES;
				GCC_WARN_UNINITIALIZED_AUTOS = YES_AGGRESSIVE;
				GCC_WARN_UNUSED_FUNCTION = YES;
				GCC_WARN_UNUSED_VARIABLE = YES;
				IPHONEOS_DEPLOYMENT_TARGET = 9.3;
				MTL_ENABLE_DEBUG_INFO = YES;
				ONLY_ACTIVE_ARCH = YES;
				SDKROOT = iphoneos;
				SWIFT_OPTIMIZATION_LEVEL = "-Onone";
				TARGETED_DEVICE_FAMILY = "1,2";
			};
			name = Debug;
		};
		5E2E411C1DC5192000228040 /* Release */ = {
			isa = XCBuildConfiguration;
			buildSettings = {
				ALWAYS_SEARCH_USER_PATHS = NO;
				CLANG_ANALYZER_NONNULL = YES;
				CLANG_CXX_LANGUAGE_STANDARD = "gnu++0x";
				CLANG_CXX_LIBRARY = "libc++";
				CLANG_ENABLE_MODULES = YES;
				CLANG_ENABLE_OBJC_ARC = YES;
				CLANG_WARN_BOOL_CONVERSION = YES;
				CLANG_WARN_CONSTANT_CONVERSION = YES;
				CLANG_WARN_DIRECT_OBJC_ISA_USAGE = YES_ERROR;
				CLANG_WARN_EMPTY_BODY = YES;
				CLANG_WARN_ENUM_CONVERSION = YES;
				CLANG_WARN_INT_CONVERSION = YES;
				CLANG_WARN_OBJC_ROOT_CLASS = YES_ERROR;
				CLANG_WARN_UNREACHABLE_CODE = YES;
				CLANG_WARN__DUPLICATE_METHOD_MATCH = YES;
				"CODE_SIGN_IDENTITY[sdk=iphoneos*]" = "iPhone Developer";
				COPY_PHASE_STRIP = NO;
				DEBUG_INFORMATION_FORMAT = "dwarf-with-dsym";
				ENABLE_NS_ASSERTIONS = NO;
				ENABLE_STRICT_OBJC_MSGSEND = YES;
				GCC_C_LANGUAGE_STANDARD = gnu99;
				GCC_NO_COMMON_BLOCKS = YES;
				GCC_WARN_64_TO_32_BIT_CONVERSION = YES;
				GCC_WARN_ABOUT_RETURN_TYPE = YES_ERROR;
				GCC_WARN_UNDECLARED_SELECTOR = YES;
				GCC_WARN_UNINITIALIZED_AUTOS = YES_AGGRESSIVE;
				GCC_WARN_UNUSED_FUNCTION = YES;
				GCC_WARN_UNUSED_VARIABLE = YES;
				IPHONEOS_DEPLOYMENT_TARGET = 9.3;
				MTL_ENABLE_DEBUG_INFO = NO;
				SDKROOT = iphoneos;
				TARGETED_DEVICE_FAMILY = "1,2";
				VALIDATE_PRODUCT = YES;
			};
			name = Release;
		};
		5E2E411E1DC5192000228040 /* Debug */ = {
			isa = XCBuildConfiguration;
			buildSettings = {
				ASSETCATALOG_COMPILER_APPICON_NAME = AppIcon;
				CODE_SIGN_IDENTITY = "iPhone Developer";
				FRAMEWORK_SEARCH_PATHS = (
					"$(inherited)",
					"$(PROJECT_DIR)",
				);
				INFOPLIST_FILE = Scintillator/Info.plist;
				IPHONEOS_DEPLOYMENT_TARGET = 9.2;
				LD_RUNPATH_SEARCH_PATHS = "$(inherited) @executable_path/Frameworks";
				PRODUCT_BUNDLE_IDENTIFIER = ISA.Scintillator;
				PRODUCT_NAME = "$(TARGET_NAME)";
				TARGETED_DEVICE_FAMILY = 2;
			};
			name = Debug;
		};
		5E2E411F1DC5192000228040 /* Release */ = {
			isa = XCBuildConfiguration;
			buildSettings = {
				ASSETCATALOG_COMPILER_APPICON_NAME = AppIcon;
				CODE_SIGN_IDENTITY = "iPhone Developer";
				FRAMEWORK_SEARCH_PATHS = (
					"$(inherited)",
					"$(PROJECT_DIR)",
				);
				INFOPLIST_FILE = Scintillator/Info.plist;
				IPHONEOS_DEPLOYMENT_TARGET = 9.2;
				LD_RUNPATH_SEARCH_PATHS = "$(inherited) @executable_path/Frameworks";
				PRODUCT_BUNDLE_IDENTIFIER = ISA.Scintillator;
				PRODUCT_NAME = "$(TARGET_NAME)";
				TARGETED_DEVICE_FAMILY = 2;
			};
			name = Release;
		};
		5E2E41211DC5192000228040 /* Debug */ = {
			isa = XCBuildConfiguration;
			buildSettings = {
				BUNDLE_LOADER = "$(TEST_HOST)";
				INFOPLIST_FILE = ScintillatorTests/Info.plist;
				LD_RUNPATH_SEARCH_PATHS = "$(inherited) @executable_path/Frameworks @loader_path/Frameworks";
				PRODUCT_BUNDLE_IDENTIFIER = ISA.ScintillatorTests;
				PRODUCT_NAME = "$(TARGET_NAME)";
				TEST_HOST = "$(BUILT_PRODUCTS_DIR)/Scintillator.app/Scintillator";
			};
			name = Debug;
		};
		5E2E41221DC5192000228040 /* Release */ = {
			isa = XCBuildConfiguration;
			buildSettings = {
				BUNDLE_LOADER = "$(TEST_HOST)";
				INFOPLIST_FILE = ScintillatorTests/Info.plist;
				LD_RUNPATH_SEARCH_PATHS = "$(inherited) @executable_path/Frameworks @loader_path/Frameworks";
				PRODUCT_BUNDLE_IDENTIFIER = ISA.ScintillatorTests;
				PRODUCT_NAME = "$(TARGET_NAME)";
				TEST_HOST = "$(BUILT_PRODUCTS_DIR)/Scintillator.app/Scintillator";
			};
			name = Release;
		};
		5E2E41241DC5192000228040 /* Debug */ = {
			isa = XCBuildConfiguration;
			buildSettings = {
				INFOPLIST_FILE = ScintillatorUITests/Info.plist;
				LD_RUNPATH_SEARCH_PATHS = "$(inherited) @executable_path/Frameworks @loader_path/Frameworks";
				PRODUCT_BUNDLE_IDENTIFIER = ISA.ScintillatorUITests;
				PRODUCT_NAME = "$(TARGET_NAME)";
				TEST_TARGET_NAME = Scintillator;
			};
			name = Debug;
		};
		5E2E41251DC5192000228040 /* Release */ = {
			isa = XCBuildConfiguration;
			buildSettings = {
				INFOPLIST_FILE = ScintillatorUITests/Info.plist;
				LD_RUNPATH_SEARCH_PATHS = "$(inherited) @executable_path/Frameworks @loader_path/Frameworks";
				PRODUCT_BUNDLE_IDENTIFIER = ISA.ScintillatorUITests;
				PRODUCT_NAME = "$(TARGET_NAME)";
				TEST_TARGET_NAME = Scintillator;
			};
			name = Release;
		};
/* End XCBuildConfiguration section */

/* Begin XCConfigurationList section */
		5E2E40F01DC5192000228040 /* Build configuration list for PBXProject "Scintillator" */ = {
			isa = XCConfigurationList;
			buildConfigurations = (
				5E2E411B1DC5192000228040 /* Debug */,
				5E2E411C1DC5192000228040 /* Release */,
			);
			defaultConfigurationIsVisible = 0;
			defaultConfigurationName = Release;
		};
		5E2E411D1DC5192000228040 /* Build configuration list for PBXNativeTarget "Scintillator" */ = {
			isa = XCConfigurationList;
			buildConfigurations = (
				5E2E411E1DC5192000228040 /* Debug */,
				5E2E411F1DC5192000228040 /* Release */,
			);
			defaultConfigurationIsVisible = 0;
			defaultConfigurationName = Release;
		};
		5E2E41201DC5192000228040 /* Build configuration list for PBXNativeTarget "ScintillatorTests" */ = {
			isa = XCConfigurationList;
			buildConfigurations = (
				5E2E41211DC5192000228040 /* Debug */,
				5E2E41221DC5192000228040 /* Release */,
			);
			defaultConfigurationIsVisible = 0;
			defaultConfigurationName = Release;
		};
		5E2E41231DC5192000228040 /* Build configuration list for PBXNativeTarget "ScintillatorUITests" */ = {
			isa = XCConfigurationList;
			buildConfigurations = (
				5E2E41241DC5192000228040 /* Debug */,
				5E2E41251DC5192000228040 /* Release */,
			);
			defaultConfigurationIsVisible = 0;
			defaultConfigurationName = Release;
		};
/* End XCConfigurationList section */
	};
	rootObject = 5E2E40ED1DC5192000228040 /* Project object */;
}
